{
  "name": "zhichuanglianmeng_uniapp",
  "lockfileVersion": 2,
  "requires": true,
  "packages": {
    "": {
      "dependencies": {
        "@qiun/ucharts": "^2.5.0-20230101",
        "echarts": "^5.4.1",
        "ucharts": "^0.0.0"
      }
    },
    "node_modules/@qiun/ucharts": {
      "version": "2.5.0-20230101",
      "resolved": "https://registry.npmmirror.com/@qiun/ucharts/-/ucharts-2.5.0-20230101.tgz",
      "integrity": "sha512-C7ccBgfPuGF6dxTRuMW0NPPMSCf1k/kh3I9zkRVBc5PaivudX/rPL+jd2Wty6gn5ya5L3Ob+YmYe09V5xw66Cw=="
    },
    "node_modules/echarts": {
      "version": "5.4.1",
      "resolved": "https://registry.npmmirror.com/echarts/-/echarts-5.4.1.tgz",
      "integrity": "sha512-9ltS3M2JB0w2EhcYjCdmtrJ+6haZcW6acBolMGIuf01Hql1yrIV01L1aRj7jsaaIULJslEP9Z3vKlEmnJaWJVQ==",
      "dependencies": {
        "tslib": "2.3.0",
        "zrender": "5.4.1"
      }
    },
    "node_modules/tslib": {
      "version": "2.3.0",
      "resolved": "https://registry.npmmirror.com/tslib/-/tslib-2.3.0.tgz",
      "integrity": "sha512-N82ooyxVNm6h1riLCoyS9e3fuJ3AMG2zIZs2Gd1ATcSFjSA23Q0fzjjZeh0jbJvWVDZ0cJT8yaNNaaXHzueNjg=="
    },
    "node_modules/ucharts": {
      "version": "0.0.0",
      "resolved": "https://registry.npmmirror.com/ucharts/-/ucharts-0.0.0.tgz",
      "integrity": "sha512-9SdAEyogf+nAQcG49o2PvuYaWuRzapRImVIWUFome2gxJMZPZAizLXoOQHQLmlbqFr4b0MHh/zwFt+pKYMsSBA=="
    },
    "node_modules/zrender": {
      "version": "5.4.1",
      "resolved": "https://registry.npmmirror.com/zrender/-/zrender-5.4.1.tgz",
      "integrity": "sha512-M4Z05BHWtajY2241EmMPHglDQAJ1UyHQcYsxDNzD9XLSkPDqMq4bB28v9Pb4mvHnVQ0GxyTklZ/69xCFP6RXBA==",
      "dependencies": {
        "tslib": "2.3.0"
      }
    }
  },
  "dependencies": {
    "@qiun/ucharts": {
      "version": "2.5.0-20230101",
      "resolved": "https://registry.npmmirror.com/@qiun/ucharts/-/ucharts-2.5.0-20230101.tgz",
      "integrity": "sha512-C7ccBgfPuGF6dxTRuMW0NPPMSCf1k/kh3I9zkRVBc5PaivudX/rPL+jd2Wty6gn5ya5L3Ob+YmYe09V5xw66Cw=="
    },
    "echarts": {
      "version": "5.4.1",
      "resolved": "https://registry.npmmirror.com/echarts/-/echarts-5.4.1.tgz",
      "integrity": "sha512-9ltS3M2JB0w2EhcYjCdmtrJ+6haZcW6acBolMGIuf01Hql1yrIV01L1aRj7jsaaIULJslEP9Z3vKlEmnJaWJVQ==",
      "requires": {
        "tslib": "2.3.0",
        "zrender": "5.4.1"
      }
    },
    "tslib": {
      "version": "2.3.0",
      "resolved": "https://registry.npmmirror.com/tslib/-/tslib-2.3.0.tgz",
      "integrity": "sha512-N82ooyxVNm6h1riLCoyS9e3fuJ3AMG2zIZs2Gd1ATcSFjSA23Q0fzjjZeh0jbJvWVDZ0cJT8yaNNaaXHzueNjg=="
    },
    "ucharts": {
      "version": "0.0.0",
      "resolved": "https://registry.npmmirror.com/ucharts/-/ucharts-0.0.0.tgz",
      "integrity": "sha512-9SdAEyogf+nAQcG49o2PvuYaWuRzapRImVIWUFome2gxJMZPZAizLXoOQHQLmlbqFr4b0MHh/zwFt+pKYMsSBA=="
    },
    "zrender": {
      "version": "5.4.1",
      "resolved": "https://registry.npmmirror.com/zrender/-/zrender-5.4.1.tgz",
      "integrity": "sha512-M4Z05BHWtajY2241EmMPHglDQAJ1UyHQcYsxDNzD9XLSkPDqMq4bB28v9Pb4mvHnVQ0GxyTklZ/69xCFP6RXBA==",
      "requires": {
        "tslib": "2.3.0"
      }
    }
  }
}
